
Microsoft Visual Studio Solution File, Format Version 12.00
# Visual Studio Version 16
VisualStudioVersion = 16.0.31624.102
MinimumVisualStudioVersion = 10.0.40219.1
Project("{FAE04EC0-301F-11D3-BF4B-00C04F79EFBC}") = "ExercicioCrudBanco", "ExercicioCrudBanco\ExercicioCrudBanco.csproj", "{E831E6D2-9DD4-4312-9F73-CEA79B63F442}"
EndProject
Global
	GlobalSection(SolutionConfigurationPlatforms) = preSolution
		Debug|Any CPU = Debug|Any CPU
		Release|Any CPU = Release|Any CPU
	EndGlobalSection
	GlobalSection(ProjectConfigurationPlatforms) = postSolution
		{E831E6D2-9DD4-4312-9F73-CEA79B63F442}.Debug|Any CPU.ActiveCfg = Debug|Any CPU
		{E831E6D2-9DD4-4312-9F73-CEA79B63F442}.Debug|Any CPU.Build.0 = Debug|Any CPU
		{E831E6D2-9DD4-4312-9F73-CEA79B63F442}.Release|Any CPU.ActiveCfg = Release|Any CPU
		{E831E6D2-9DD4-4312-9F73-CEA79B63F442}.Release|Any CPU.Build.0 = Release|Any CPU
	EndGlobalSection
	GlobalSection(SolutionProperties) = preSolution
		HideSolutionNode = FALSE
	EndGlobalSection
	GlobalSection(ExtensibilityGlobals) = postSolution
		SolutionGuid = {16204330-8DD0-465C-A93B-08B857C8BFCE}
	EndGlobalSection
EndGlobal
